// !$*UTF8*$!
{
	archiveVersion = 1;
	classes = {
	};
	objectVersion = 48;
	objects = {

/* Begin PBXBuildFile section */
		A46CC3C784D3260D594D8CC6 /* Pods_News_Reader.framework in Frameworks */ = {isa = PBXBuildFile; fileRef = 300FC8546936D783ECE6D160 /* Pods_News_Reader.framework */; };
		AE7C4F86201934D4008517EF /* AppDelegate.swift in Sources */ = {isa = PBXBuildFile; fileRef = AE7C4F85201934D4008517EF /* AppDelegate.swift */; };
		AE7C4F88201934D4008517EF /* ViewController.swift in Sources */ = {isa = PBXBuildFile; fileRef = AE7C4F87201934D4008517EF /* ViewController.swift */; };
		AE7C4F8B201934D4008517EF /* Main.storyboard in Resources */ = {isa = PBXBuildFile; fileRef = AE7C4F89201934D4008517EF /* Main.storyboard */; };
		AE7C4F8D201934D4008517EF /* Assets.xcassets in Resources */ = {isa = PBXBuildFile; fileRef = AE7C4F8C201934D4008517EF /* Assets.xcassets */; };
		AE7C4F90201934D4008517EF /* LaunchScreen.storyboard in Resources */ = {isa = PBXBuildFile; fileRef = AE7C4F8E201934D4008517EF /* LaunchScreen.storyboard */; };
		AE7C4F9B201934D4008517EF /* News_ReaderTests.swift in Sources */ = {isa = PBXBuildFile; fileRef = AE7C4F9A201934D4008517EF /* News_ReaderTests.swift */; };
		AE7C4FA6201934D4008517EF /* News_ReaderUITests.swift in Sources */ = {isa = PBXBuildFile; fileRef = AE7C4FA5201934D4008517EF /* News_ReaderUITests.swift */; };
		AE7C4FB420193905008517EF /* Constants.swift in Sources */ = {isa = PBXBuildFile; fileRef = AE7C4FB320193905008517EF /* Constants.swift */; };
		AE7C4FB820195CB0008517EF /* NewsDetails.swift in Sources */ = {isa = PBXBuildFile; fileRef = AE7C4FB720195CB0008517EF /* NewsDetails.swift */; };
		AE867737203462C600C22D6C /* GoogleService-Info.plist in Resources */ = {isa = PBXBuildFile; fileRef = AE867736203462C600C22D6C /* GoogleService-Info.plist */; };
		AEAA55C6202281EA005D1D53 /* NewsCell.swift in Sources */ = {isa = PBXBuildFile; fileRef = AEAA55C5202281EA005D1D53 /* NewsCell.swift */; };
		AEAA55C82022A61D005D1D53 /* NewsDetailsVC.swift in Sources */ = {isa = PBXBuildFile; fileRef = AEAA55C72022A61D005D1D53 /* NewsDetailsVC.swift */; };
/* End PBXBuildFile section */

/* Begin PBXContainerItemProxy section */
		AE7C4F97201934D4008517EF /* PBXContainerItemProxy */ = {
			isa = PBXContainerItemProxy;
			containerPortal = AE7C4F7A201934D4008517EF /* Project object */;
			proxyType = 1;
			remoteGlobalIDString = AE7C4F81201934D4008517EF;
			remoteInfo = "News Reader";
		};
		AE7C4FA2201934D4008517EF /* PBXContainerItemProxy */ = {
			isa = PBXContainerItemProxy;
			containerPortal = AE7C4F7A201934D4008517EF /* Project object */;
			proxyType = 1;
			remoteGlobalIDString = AE7C4F81201934D4008517EF;
			remoteInfo = "News Reader";
		};
/* End PBXContainerItemProxy section */

/* Begin PBXFileReference section */
		0E74EAC342D3059453070344 /* Pods_News_ReaderUITests.framework */ = {isa = PBXFileReference; explicitFileType = wrapper.framework; includeInIndex = 0; path = Pods_News_ReaderUITests.framework; sourceTree = BUILT_PRODUCTS_DIR; };
		300FC8546936D783ECE6D160 /* Pods_News_Reader.framework */ = {isa = PBXFileReference; explicitFileType = wrapper.framework; includeInIndex = 0; path = Pods_News_Reader.framework; sourceTree = BUILT_PRODUCTS_DIR; };
		33D8409519DF6DE6F07D9E3D /* Pods_News_ReaderTests.framework */ = {isa = PBXFileReference; explicitFileType = wrapper.framework; includeInIndex = 0; path = Pods_News_ReaderTests.framework; sourceTree = BUILT_PRODUCTS_DIR; };
		6A29C3F4828FA50AFD058124 /* Pods-News Reader.release.xcconfig */ = {isa = PBXFileReference; includeInIndex = 1; lastKnownFileType = text.xcconfig; name = "Pods-News Reader.release.xcconfig"; path = "Pods/Target Support Files/Pods-News Reader/Pods-News Reader.release.xcconfig"; sourceTree = "<group>"; };
		A94FF95F950CF5A00774B7CB /* Pods-News Reader.debug.xcconfig */ = {isa = PBXFileReference; includeInIndex = 1; lastKnownFileType = text.xcconfig; name = "Pods-News Reader.debug.xcconfig"; path = "Pods/Target Support Files/Pods-News Reader/Pods-News Reader.debug.xcconfig"; sourceTree = "<group>"; };
		AE7C4F82201934D4008517EF /* News Reader.app */ = {isa = PBXFileReference; explicitFileType = wrapper.application; includeInIndex = 0; path = "News Reader.app"; sourceTree = BUILT_PRODUCTS_DIR; };
		AE7C4F85201934D4008517EF /* AppDelegate.swift */ = {isa = PBXFileReference; lastKnownFileType = sourcecode.swift; path = AppDelegate.swift; sourceTree = "<group>"; };
		AE7C4F87201934D4008517EF /* ViewController.swift */ = {isa = PBXFileReference; lastKnownFileType = sourcecode.swift; path = ViewController.swift; sourceTree = "<group>"; };
		AE7C4F8A201934D4008517EF /* Base */ = {isa = PBXFileReference; lastKnownFileType = file.storyboard; name = Base; path = Base.lproj/Main.storyboard; sourceTree = "<group>"; };
		AE7C4F8C201934D4008517EF /* Assets.xcassets */ = {isa = PBXFileReference; lastKnownFileType = folder.assetcatalog; path = Assets.xcassets; sourceTree = "<group>"; };
		AE7C4F8F201934D4008517EF /* Base */ = {isa = PBXFileReference; lastKnownFileType = file.storyboard; name = Base; path = Base.lproj/LaunchScreen.storyboard; sourceTree = "<group>"; };
		AE7C4F91201934D4008517EF /* Info.plist */ = {isa = PBXFileReference; lastKnownFileType = text.plist.xml; path = Info.plist; sourceTree = "<group>"; };
		AE7C4F96201934D4008517EF /* News ReaderTests.xctest */ = {isa = PBXFileReference; explicitFileType = wrapper.cfbundle; includeInIndex = 0; path = "News ReaderTests.xctest"; sourceTree = BUILT_PRODUCTS_DIR; };
		AE7C4F9A201934D4008517EF /* News_ReaderTests.swift */ = {isa = PBXFileReference; lastKnownFileType = sourcecode.swift; path = News_ReaderTests.swift; sourceTree = "<group>"; };
		AE7C4F9C201934D4008517EF /* Info.plist */ = {isa = PBXFileReference; lastKnownFileType = text.plist.xml; path = Info.plist; sourceTree = "<group>"; };
		AE7C4FA1201934D4008517EF /* News ReaderUITests.xctest */ = {isa = PBXFileReference; explicitFileType = wrapper.cfbundle; includeInIndex = 0; path = "News ReaderUITests.xctest"; sourceTree = BUILT_PRODUCTS_DIR; };
		AE7C4FA5201934D4008517EF /* News_ReaderUITests.swift */ = {isa = PBXFileReference; lastKnownFileType = sourcecode.swift; path = News_ReaderUITests.swift; sourceTree = "<group>"; };
		AE7C4FA7201934D4008517EF /* Info.plist */ = {isa = PBXFileReference; lastKnownFileType = text.plist.xml; path = Info.plist; sourceTree = "<group>"; };
		AE7C4FB320193905008517EF /* Constants.swift */ = {isa = PBXFileReference; lastKnownFileType = sourcecode.swift; path = Constants.swift; sourceTree = "<group>"; };
		AE7C4FB720195CB0008517EF /* NewsDetails.swift */ = {isa = PBXFileReference; lastKnownFileType = sourcecode.swift; path = NewsDetails.swift; sourceTree = "<group>"; };
		AE867736203462C600C22D6C /* GoogleService-Info.plist */ = {isa = PBXFileReference; fileEncoding = 4; lastKnownFileType = text.plist.xml; path = "GoogleService-Info.plist"; sourceTree = "<group>"; };
		AEAA55C5202281EA005D1D53 /* NewsCell.swift */ = {isa = PBXFileReference; lastKnownFileType = sourcecode.swift; path = NewsCell.swift; sourceTree = "<group>"; };
		AEAA55C72022A61D005D1D53 /* NewsDetailsVC.swift */ = {isa = PBXFileReference; lastKnownFileType = sourcecode.swift; path = NewsDetailsVC.swift; sourceTree = "<group>"; };
/* End PBXFileReference section */

/* Begin PBXFrameworksBuildPhase section */
		AE7C4F7F201934D4008517EF /* Frameworks */ = {
			isa = PBXFrameworksBuildPhase;
			buildActionMask = 2147483647;
			files = (
				A46CC3C784D3260D594D8CC6 /* Pods_News_Reader.framework in Frameworks */,
			);
			runOnlyForDeploymentPostprocessing = 0;
		};
		AE7C4F93201934D4008517EF /* Frameworks */ = {
			isa = PBXFrameworksBuildPhase;
			buildActionMask = 2147483647;
			files = (
			);
			runOnlyForDeploymentPostprocessing = 0;
		};
		AE7C4F9E201934D4008517EF /* Frameworks */ = {
			isa = PBXFrameworksBuildPhase;
			buildActionMask = 2147483647;
			files = (
			);
			runOnlyForDeploymentPostprocessing = 0;
		};
/* End PBXFrameworksBuildPhase section */

/* Begin PBXGroup section */
		00AA0358E0012DC3B3DA91C6 /* Pods */ = {
			isa = PBXGroup;
			children = (
				A94FF95F950CF5A00774B7CB /* Pods-News Reader.debug.xcconfig */,
				6A29C3F4828FA50AFD058124 /* Pods-News Reader.release.xcconfig */,
			);
			name = Pods;
			sourceTree = "<group>";
		};
		4CB1153BD4146F5BA58B6E50 /* Frameworks */ = {
			isa = PBXGroup;
			children = (
				300FC8546936D783ECE6D160 /* Pods_News_Reader.framework */,
				33D8409519DF6DE6F07D9E3D /* Pods_News_ReaderTests.framework */,
				0E74EAC342D3059453070344 /* Pods_News_ReaderUITests.framework */,
			);
			name = Frameworks;
			sourceTree = "<group>";
		};
		AE7C4F79201934D4008517EF = {
			isa = PBXGroup;
			children = (
				AE7C4F84201934D4008517EF /* News Reader */,
				AE7C4F99201934D4008517EF /* News ReaderTests */,
				AE7C4FA4201934D4008517EF /* News ReaderUITests */,
				AE7C4F83201934D4008517EF /* Products */,
				00AA0358E0012DC3B3DA91C6 /* Pods */,
				4CB1153BD4146F5BA58B6E50 /* Frameworks */,
			);
			sourceTree = "<group>";
		};
		AE7C4F83201934D4008517EF /* Products */ = {
			isa = PBXGroup;
			children = (
				AE7C4F82201934D4008517EF /* News Reader.app */,
				AE7C4F96201934D4008517EF /* News ReaderTests.xctest */,
				AE7C4FA1201934D4008517EF /* News ReaderUITests.xctest */,
			);
			name = Products;
			sourceTree = "<group>";
		};
		AE7C4F84201934D4008517EF /* News Reader */ = {
			isa = PBXGroup;
			children = (
				AE86773A20346A6400C22D6C /* Controller */,
				AE86773920346A5000C22D6C /* View */,
				AE86773820346A2C00C22D6C /* Model */,
				AE7C4F89201934D4008517EF /* Main.storyboard */,
				AE7C4F8C201934D4008517EF /* Assets.xcassets */,
				AE7C4F8E201934D4008517EF /* LaunchScreen.storyboard */,
				AE7C4F85201934D4008517EF /* AppDelegate.swift */,
				AE7C4F91201934D4008517EF /* Info.plist */,
				AE7C4FB320193905008517EF /* Constants.swift */,
				AE867736203462C600C22D6C /* GoogleService-Info.plist */,
			);
			path = "News Reader";
			sourceTree = "<group>";
		};
		AE7C4F99201934D4008517EF /* News ReaderTests */ = {
			isa = PBXGroup;
			children = (
				AE7C4F9A201934D4008517EF /* News_ReaderTests.swift */,
				AE7C4F9C201934D4008517EF /* Info.plist */,
			);
			path = "News ReaderTests";
			sourceTree = "<group>";
		};
		AE7C4FA4201934D4008517EF /* News ReaderUITests */ = {
			isa = PBXGroup;
			children = (
				AE7C4FA5201934D4008517EF /* News_ReaderUITests.swift */,
				AE7C4FA7201934D4008517EF /* Info.plist */,
			);
			path = "News ReaderUITests";
			sourceTree = "<group>";
		};
		AE86773820346A2C00C22D6C /* Model */ = {
			isa = PBXGroup;
			children = (
				AE7C4FB720195CB0008517EF /* NewsDetails.swift */,
			);
			path = Model;
			sourceTree = "<group>";
		};
		AE86773920346A5000C22D6C /* View */ = {
			isa = PBXGroup;
			children = (
				AEAA55C5202281EA005D1D53 /* NewsCell.swift */,
			);
			path = View;
			sourceTree = "<group>";
		};
		AE86773A20346A6400C22D6C /* Controller */ = {
			isa = PBXGroup;
			children = (
				AE7C4F87201934D4008517EF /* ViewController.swift */,
				AEAA55C72022A61D005D1D53 /* NewsDetailsVC.swift */,
			);
			path = Controller;
			sourceTree = "<group>";
		};
/* End PBXGroup section */

/* Begin PBXNativeTarget section */
		AE7C4F81201934D4008517EF /* News Reader */ = {
			isa = PBXNativeTarget;
			buildConfigurationList = AE7C4FAA201934D4008517EF /* Build configuration list for PBXNativeTarget "News Reader" */;
			buildPhases = (
				97EA2987B5B81E9C2439730D /* [CP] Check Pods Manifest.lock */,
				AE7C4F7E201934D4008517EF /* Sources */,
				AE7C4F7F201934D4008517EF /* Frameworks */,
				AE7C4F80201934D4008517EF /* Resources */,
				B029CE9AF9DE68001A18CDB9 /* [CP] Embed Pods Frameworks */,
				65676EE3B66FE32D36CC6533 /* [CP] Copy Pods Resources */,
			);
			buildRules = (
			);
			dependencies = (
			);
			name = "News Reader";
			productName = "News Reader";
			productReference = AE7C4F82201934D4008517EF /* News Reader.app */;
			productType = "com.apple.product-type.application";
		};
		AE7C4F95201934D4008517EF /* News ReaderTests */ = {
			isa = PBXNativeTarget;
			buildConfigurationList = AE7C4FAD201934D4008517EF /* Build configuration list for PBXNativeTarget "News ReaderTests" */;
			buildPhases = (
				AE7C4F92201934D4008517EF /* Sources */,
				AE7C4F93201934D4008517EF /* Frameworks */,
				AE7C4F94201934D4008517EF /* Resources */,
			);
			buildRules = (
			);
			dependencies = (
				AE7C4F98201934D4008517EF /* PBXTargetDependency */,
			);
			name = "News ReaderTests";
			productName = "News ReaderTests";
			productReference = AE7C4F96201934D4008517EF /* News ReaderTests.xctest */;
			productType = "com.apple.product-type.bundle.unit-test";
		};
		AE7C4FA0201934D4008517EF /* News ReaderUITests */ = {
			isa = PBXNativeTarget;
			buildConfigurationList = AE7C4FB0201934D4008517EF /* Build configuration list for PBXNativeTarget "News ReaderUITests" */;
			buildPhases = (
				AE7C4F9D201934D4008517EF /* Sources */,
				AE7C4F9E201934D4008517EF /* Frameworks */,
				AE7C4F9F201934D4008517EF /* Resources */,
			);
			buildRules = (
			);
			dependencies = (
				AE7C4FA3201934D4008517EF /* PBXTargetDependency */,
			);
			name = "News ReaderUITests";
			productName = "News ReaderUITests";
			productReference = AE7C4FA1201934D4008517EF /* News ReaderUITests.xctest */;
			productType = "com.apple.product-type.bundle.ui-testing";
		};
/* End PBXNativeTarget section */

/* Begin PBXProject section */
		AE7C4F7A201934D4008517EF /* Project object */ = {
			isa = PBXProject;
			attributes = {
				LastSwiftUpdateCheck = 0920;
				LastUpgradeCheck = 0920;
				ORGANIZATIONNAME = "Manoj Kulkarni";
				TargetAttributes = {
					AE7C4F81201934D4008517EF = {
						CreatedOnToolsVersion = 9.2;
						ProvisioningStyle = Automatic;
					};
					AE7C4F95201934D4008517EF = {
						CreatedOnToolsVersion = 9.2;
						ProvisioningStyle = Automatic;
						TestTargetID = AE7C4F81201934D4008517EF;
					};
					AE7C4FA0201934D4008517EF = {
						CreatedOnToolsVersion = 9.2;
						ProvisioningStyle = Automatic;
						TestTargetID = AE7C4F81201934D4008517EF;
					};
				};
			};
			buildConfigurationList = AE7C4F7D201934D4008517EF /* Build configuration list for PBXProject "News Reader" */;
			compatibilityVersion = "Xcode 8.0";
			developmentRegion = en;
			hasScannedForEncodings = 0;
			knownRegions = (
				en,
				Base,
			);
			mainGroup = AE7C4F79201934D4008517EF;
			productRefGroup = AE7C4F83201934D4008517EF /* Products */;
			projectDirPath = "";
			projectRoot = "";
			targets = (
				AE7C4F81201934D4008517EF /* News Reader */,
				AE7C4F95201934D4008517EF /* News ReaderTests */,
				AE7C4FA0201934D4008517EF /* News ReaderUITests */,
			);
		};
/* End PBXProject section */

/* Begin PBXResourcesBuildPhase section */
		AE7C4F80201934D4008517EF /* Resources */ = {
			isa = PBXResourcesBuildPhase;
			buildActionMask = 2147483647;
			files = (
				AE7C4F90201934D4008517EF /* LaunchScreen.storyboard in Resources */,
				AE867737203462C600C22D6C /* GoogleService-Info.plist in Resources */,
				AE7C4F8D201934D4008517EF /* Assets.xcassets in Resources */,
				AE7C4F8B201934D4008517EF /* Main.storyboard in Resources */,
			);
			runOnlyForDeploymentPostprocessing = 0;
		};
		AE7C4F94201934D4008517EF /* Resources */ = {
			isa = PBXResourcesBuildPhase;
			buildActionMask = 2147483647;
			files = (
			);
			runOnlyForDeploymentPostprocessing = 0;
		};
		AE7C4F9F201934D4008517EF /* Resources */ = {
			isa = PBXResourcesBuildPhase;
			buildActionMask = 2147483647;
			files = (
			);
			runOnlyForDeploymentPostprocessing = 0;
		};
/* End PBXResourcesBuildPhase section */

/* Begin PBXShellScriptBuildPhase section */
		65676EE3B66FE32D36CC6533 /* [CP] Copy Pods Resources */ = {
			isa = PBXShellScriptBuildPhase;
			buildActionMask = 2147483647;
			files = (
			);
			inputPaths = (
			);
			name = "[CP] Copy Pods Resources";
			outputPaths = (
			);
			runOnlyForDeploymentPostprocessing = 0;
			shellPath = /bin/sh;
			shellScript = "\"${SRCROOT}/Pods/Target Support Files/Pods-News Reader/Pods-News Reader-resources.sh\"\n";
			showEnvVarsInLog = 0;
		};
		97EA2987B5B81E9C2439730D /* [CP] Check Pods Manifest.lock */ = {
			isa = PBXShellScriptBuildPhase;
			buildActionMask = 2147483647;
			files = (
			);
			inputPaths = (
				"${PODS_PODFILE_DIR_PATH}/Podfile.lock",
				"${PODS_ROOT}/Manifest.lock",
			);
			name = "[CP] Check Pods Manifest.lock";
			outputPaths = (
				"$(DERIVED_FILE_DIR)/Pods-News Reader-checkManifestLockResult.txt",
			);
			runOnlyForDeploymentPostprocessing = 0;
			shellPath = /bin/sh;
			shellScript = "diff \"${PODS_PODFILE_DIR_PATH}/Podfile.lock\" \"${PODS_ROOT}/Manifest.lock\" > /dev/null\nif [ $? != 0 ] ; then\n    # print error to STDERR\n    echo \"error: The sandbox is not in sync with the Podfile.lock. Run 'pod install' or update your CocoaPods installation.\" >&2\n    exit 1\nfi\n# This output is used by Xcode 'outputs' to avoid re-running this script phase.\necho \"SUCCESS\" > \"${SCRIPT_OUTPUT_FILE_0}\"\n";
			showEnvVarsInLog = 0;
		};
		B029CE9AF9DE68001A18CDB9 /* [CP] Embed Pods Frameworks */ = {
			isa = PBXShellScriptBuildPhase;
			buildActionMask = 2147483647;
			files = (
			);
			inputPaths = (
				"${SRCROOT}/Pods/Target Support Files/Pods-News Reader/Pods-News Reader-frameworks.sh",
				"${BUILT_PRODUCTS_DIR}/AWSCore/AWSCore.framework",
				"${BUILT_PRODUCTS_DIR}/AWSPolly/AWSPolly.framework",
				"${BUILT_PRODUCTS_DIR}/Alamofire/Alamofire.framework",
				"${BUILT_PRODUCTS_DIR}/GoogleToolboxForMac/GoogleToolboxForMac.framework",
				"${BUILT_PRODUCTS_DIR}/leveldb-library/leveldb.framework",
				"${BUILT_PRODUCTS_DIR}/nanopb/nanopb.framework",
			);
			name = "[CP] Embed Pods Frameworks";
			outputPaths = (
				"${TARGET_BUILD_DIR}/${FRAMEWORKS_FOLDER_PATH}/AWSCore.framework",
				"${TARGET_BUILD_DIR}/${FRAMEWORKS_FOLDER_PATH}/AWSPolly.framework",
				"${TARGET_BUILD_DIR}/${FRAMEWORKS_FOLDER_PATH}/Alamofire.framework",
				"${TARGET_BUILD_DIR}/${FRAMEWORKS_FOLDER_PATH}/GoogleToolboxForMac.framework",
				"${TARGET_BUILD_DIR}/${FRAMEWORKS_FOLDER_PATH}/leveldb.framework",
				"${TARGET_BUILD_DIR}/${FRAMEWORKS_FOLDER_PATH}/nanopb.framework",
			);
			runOnlyForDeploymentPostprocessing = 0;
			shellPath = /bin/sh;
			shellScript = "\"${SRCROOT}/Pods/Target Support Files/Pods-News Reader/Pods-News Reader-frameworks.sh\"\n";
			showEnvVarsInLog = 0;
		};
/* End PBXShellScriptBuildPhase section */

/* Begin PBXSourcesBuildPhase section */
		AE7C4F7E201934D4008517EF /* Sources */ = {
			isa = PBXSourcesBuildPhase;
			buildActionMask = 2147483647;
			files = (
				AE7C4F88201934D4008517EF /* ViewController.swift in Sources */,
				AE7C4F86201934D4008517EF /* AppDelegate.swift in Sources */,
				AEAA55C82022A61D005D1D53 /* NewsDetailsVC.swift in Sources */,
				AE7C4FB820195CB0008517EF /* NewsDetails.swift in Sources */,
				AE7C4FB420193905008517EF /* Constants.swift in Sources */,
				AEAA55C6202281EA005D1D53 /* NewsCell.swift in Sources */,
			);
			runOnlyForDeploymentPostprocessing = 0;
		};
		AE7C4F92201934D4008517EF /* Sources */ = {
			isa = PBXSourcesBuildPhase;
			buildActionMask = 2147483647;
			files = (
				AE7C4F9B201934D4008517EF /* News_ReaderTests.swift in Sources */,
			);
			runOnlyForDeploymentPostprocessing = 0;
		};
		AE7C4F9D201934D4008517EF /* Sources */ = {
			isa = PBXSourcesBuildPhase;
			buildActionMask = 2147483647;
			files = (
				AE7C4FA6201934D4008517EF /* News_ReaderUITests.swift in Sources */,
			);
			runOnlyForDeploymentPostprocessing = 0;
		};
/* End PBXSourcesBuildPhase section */

/* Begin PBXTargetDependency section */
		AE7C4F98201934D4008517EF /* PBXTargetDependency */ = {
			isa = PBXTargetDependency;
			target = AE7C4F81201934D4008517EF /* News Reader */;
			targetProxy = AE7C4F97201934D4008517EF /* PBXContainerItemProxy */;
		};
		AE7C4FA3201934D4008517EF /* PBXTargetDependency */ = {
			isa = PBXTargetDependency;
			target = AE7C4F81201934D4008517EF /* News Reader */;
			targetProxy = AE7C4FA2201934D4008517EF /* PBXContainerItemProxy */;
		};
/* End PBXTargetDependency section */

/* Begin PBXVariantGroup section */
		AE7C4F89201934D4008517EF /* Main.storyboard */ = {
			isa = PBXVariantGroup;
			children = (
				AE7C4F8A201934D4008517EF /* Base */,
			);
			name = Main.storyboard;
			sourceTree = "<group>";
		};
		AE7C4F8E201934D4008517EF /* LaunchScreen.storyboard */ = {
			isa = PBXVariantGroup;
			children = (
				AE7C4F8F201934D4008517EF /* Base */,
			);
			name = LaunchScreen.storyboard;
			sourceTree = "<group>";
		};
/* End PBXVariantGroup section */

/* Begin XCBuildConfiguration section */
		AE7C4FA8201934D4008517EF /* Debug */ = {
			isa = XCBuildConfiguration;
			buildSettings = {
				ALWAYS_SEARCH_USER_PATHS = NO;
				CLANG_ANALYZER_NONNULL = YES;
				CLANG_ANALYZER_NUMBER_OBJECT_CONVERSION = YES_AGGRESSIVE;
				CLANG_CXX_LANGUAGE_STANDARD = "gnu++14";
				CLANG_CXX_LIBRARY = "libc++";
				CLANG_ENABLE_MODULES = YES;
				CLANG_ENABLE_OBJC_ARC = YES;
				CLANG_WARN_BLOCK_CAPTURE_AUTORELEASING = YES;
				CLANG_WARN_BOOL_CONVERSION = YES;
				CLANG_WARN_COMMA = YES;
				CLANG_WARN_CONSTANT_CONVERSION = YES;
				CLANG_WARN_DIRECT_OBJC_ISA_USAGE = YES_ERROR;
				CLANG_WARN_DOCUMENTATION_COMMENTS = YES;
				CLANG_WARN_EMPTY_BODY = YES;
				CLANG_WARN_ENUM_CONVERSION = YES;
				CLANG_WARN_INFINITE_RECURSION = YES;
				CLANG_WARN_INT_CONVERSION = YES;
				CLANG_WARN_NON_LITERAL_NULL_CONVERSION = YES;
				CLANG_WARN_OBJC_LITERAL_CONVERSION = YES;
				CLANG_WARN_OBJC_ROOT_CLASS = YES_ERROR;
				CLANG_WARN_RANGE_LOOP_ANALYSIS = YES;
				CLANG_WARN_STRICT_PROTOTYPES = YES;
				CLANG_WARN_SUSPICIOUS_MOVE = YES;
				CLANG_WARN_UNGUARDED_AVAILABILITY = YES_AGGRESSIVE;
				CLANG_WARN_UNREACHABLE_CODE = YES;
				CLANG_WARN__DUPLICATE_METHOD_MATCH = YES;
				CODE_SIGN_IDENTITY = "iPhone Developer";
				COPY_PHASE_STRIP = NO;
				DEBUG_INFORMATION_FORMAT = dwarf;
				ENABLE_STRICT_OBJC_MSGSEND = YES;
				ENABLE_TESTABILITY = YES;
				GCC_C_LANGUAGE_STANDARD = gnu11;
				GCC_DYNAMIC_NO_PIC = NO;
				GCC_NO_COMMON_BLOCKS = YES;
				GCC_OPTIMIZATION_LEVEL = 0;
				GCC_PREPROCESSOR_DEFINITIONS = (
					"DEBUG=1",
					"$(inherited)",
				);
				GCC_WARN_64_TO_32_BIT_CONVERSION = YES;
				GCC_WARN_ABOUT_RETURN_TYPE = YES_ERROR;
				GCC_WARN_UNDECLARED_SELECTOR = YES;
				GCC_WARN_UNINITIALIZED_AUTOS = YES_AGGRESSIVE;
				GCC_WARN_UNUSED_FUNCTION = YES;
				GCC_WARN_UNUSED_VARIABLE = YES;
				IPHONEOS_DEPLOYMENT_TARGET = 11.2;
				MTL_ENABLE_DEBUG_INFO = YES;
				ONLY_ACTIVE_ARCH = YES;
				SDKROOT = iphoneos;
				SWIFT_ACTIVE_COMPILATION_CONDITIONS = DEBUG;
				SWIFT_OPTIMIZATION_LEVEL = "-Onone";
			};
			name = Debug;
		};
		AE7C4FA9201934D4008517EF /* Release */ = {
			isa = XCBuildConfiguration;
			buildSettings = {
				ALWAYS_SEARCH_USER_PATHS = NO;
				CLANG_ANALYZER_NONNULL = YES;
				CLANG_ANALYZER_NUMBER_OBJECT_CONVERSION = YES_AGGRESSIVE;
				CLANG_CXX_LANGUAGE_STANDARD = "gnu++14";
				CLANG_CXX_LIBRARY = "libc++";
				CLANG_ENABLE_MODULES = YES;
				CLANG_ENABLE_OBJC_ARC = YES;
				CLANG_WARN_BLOCK_CAPTURE_AUTORELEASING = YES;
				CLANG_WARN_BOOL_CONVERSION = YES;
				CLANG_WARN_COMMA = YES;
				CLANG_WARN_CONSTANT_CONVERSION = YES;
				CLANG_WARN_DIRECT_OBJC_ISA_USAGE = YES_ERROR;
				CLANG_WARN_DOCUMENTATION_COMMENTS = YES;
				CLANG_WARN_EMPTY_BODY = YES;
				CLANG_WARN_ENUM_CONVERSION = YES;
				CLANG_WARN_INFINITE_RECURSION = YES;
				CLANG_WARN_INT_CONVERSION = YES;
				CLANG_WARN_NON_LITERAL_NULL_CONVERSION = YES;
				CLANG_WARN_OBJC_LITERAL_CONVERSION = YES;
				CLANG_WARN_OBJC_ROOT_CLASS = YES_ERROR;
				CLANG_WARN_RANGE_LOOP_ANALYSIS = YES;
				CLANG_WARN_STRICT_PROTOTYPES = YES;
				CLANG_WARN_SUSPICIOUS_MOVE = YES;
				CLANG_WARN_UNGUARDED_AVAILABILITY = YES_AGGRESSIVE;
				CLANG_WARN_UNREACHABLE_CODE = YES;
				CLANG_WARN__DUPLICATE_METHOD_MATCH = YES;
				CODE_SIGN_IDENTITY = "iPhone Developer";
				COPY_PHASE_STRIP = NO;
				DEBUG_INFORMATION_FORMAT = "dwarf-with-dsym";
				ENABLE_NS_ASSERTIONS = NO;
				ENABLE_STRICT_OBJC_MSGSEND = YES;
				GCC_C_LANGUAGE_STANDARD = gnu11;
				GCC_NO_COMMON_BLOCKS = YES;
				GCC_WARN_64_TO_32_BIT_CONVERSION = YES;
				GCC_WARN_ABOUT_RETURN_TYPE = YES_ERROR;
				GCC_WARN_UNDECLARED_SELECTOR = YES;
				GCC_WARN_UNINITIALIZED_AUTOS = YES_AGGRESSIVE;
				GCC_WARN_UNUSED_FUNCTION = YES;
				GCC_WARN_UNUSED_VARIABLE = YES;
				IPHONEOS_DEPLOYMENT_TARGET = 11.2;
				MTL_ENABLE_DEBUG_INFO = NO;
				SDKROOT = iphoneos;
				SWIFT_OPTIMIZATION_LEVEL = "-Owholemodule";
				VALIDATE_PRODUCT = YES;
			};
			name = Release;
		};
		AE7C4FAB201934D4008517EF /* Debug */ = {
			isa = XCBuildConfiguration;
			baseConfigurationReference = A94FF95F950CF5A00774B7CB /* Pods-News Reader.debug.xcconfig */;
			buildSettings = {
				ASSETCATALOG_COMPILER_APPICON_NAME = AppIcon;
				CODE_SIGN_STYLE = Automatic;
				DEVELOPMENT_TEAM = FZ5NFCMB53;
				INFOPLIST_FILE = "News Reader/Info.plist";
				LD_RUNPATH_SEARCH_PATHS = "$(inherited) @executable_path/Frameworks";
				PRODUCT_BUNDLE_IDENTIFIER = "com.mnjpk.News-Reader";
				PRODUCT_NAME = "$(TARGET_NAME)";
				SWIFT_VERSION = 4.0;
				TARGETED_DEVICE_FAMILY = "1,2";
			};
			name = Debug;
		};
		AE7C4FAC201934D4008517EF /* Release */ = {
			isa = XCBuildConfiguration;
			baseConfigurationReference = 6A29C3F4828FA50AFD058124 /* Pods-News Reader.release.xcconfig */;
			buildSettings = {
				ASSETCATALOG_COMPILER_APPICON_NAME = AppIcon;
				CODE_SIGN_STYLE = Automatic;
				DEVELOPMENT_TEAM = FZ5NFCMB53;
				INFOPLIST_FILE = "News Reader/Info.plist";
				LD_RUNPATH_SEARCH_PATHS = "$(inherited) @executable_path/Frameworks";
				PRODUCT_BUNDLE_IDENTIFIER = "com.mnjpk.News-Reader";
				PRODUCT_NAME = "$(TARGET_NAME)";
				SWIFT_VERSION = 4.0;
				TARGETED_DEVICE_FAMILY = "1,2";
			};
			name = Release;
		};
		AE7C4FAE201934D4008517EF /* Debug */ = {
			isa = XCBuildConfiguration;
			buildSettings = {
				ALWAYS_EMBED_SWIFT_STANDARD_LIBRARIES = YES;
				BUNDLE_LOADER = "$(TEST_HOST)";
				CODE_SIGN_STYLE = Automatic;
				DEVELOPMENT_TEAM = FZ5NFCMB53;
				INFOPLIST_FILE = "News ReaderTests/Info.plist";
				LD_RUNPATH_SEARCH_PATHS = "$(inherited) @executable_path/Frameworks @loader_path/Frameworks";
				PRODUCT_BUNDLE_IDENTIFIER = "com.mnjpk.News-ReaderTests";
				PRODUCT_NAME = "$(TARGET_NAME)";
				SWIFT_VERSION = 4.0;
				TARGETED_DEVICE_FAMILY = "1,2";
				TEST_HOST = "$(BUILT_PRODUCTS_DIR)/News Reader.app/News Reader";
			};
			name = Debug;
		};
		AE7C4FAF201934D4008517EF /* Release */ = {
			isa = XCBuildConfiguration;
			buildSettings = {
				ALWAYS_EMBED_SWIFT_STANDARD_LIBRARIES = YES;
				BUNDLE_LOADER = "$(TEST_HOST)";
				CODE_SIGN_STYLE = Automatic;
				DEVELOPMENT_TEAM = FZ5NFCMB53;
				INFOPLIST_FILE = "News ReaderTests/Info.plist";
				LD_RUNPATH_SEARCH_PATHS = "$(inherited) @executable_path/Frameworks @loader_path/Frameworks";
				PRODUCT_BUNDLE_IDENTIFIER = "com.mnjpk.News-ReaderTests";
				PRODUCT_NAME = "$(TARGET_NAME)";
				SWIFT_VERSION = 4.0;
				TARGETED_DEVICE_FAMILY = "1,2";
				TEST_HOST = "$(BUILT_PRODUCTS_DIR)/News Reader.app/News Reader";
			};
			name = Release;
		};
		AE7C4FB1201934D4008517EF /* Debug */ = {
			isa = XCBuildConfiguration;
			buildSettings = {
				ALWAYS_EMBED_SWIFT_STANDARD_LIBRARIES = YES;
				CODE_SIGN_STYLE = Automatic;
				DEVELOPMENT_TEAM = FZ5NFCMB53;
				INFOPLIST_FILE = "News ReaderUITests/Info.plist";
				LD_RUNPATH_SEARCH_PATHS = "$(inherited) @executable_path/Frameworks @loader_path/Frameworks";
				PRODUCT_BUNDLE_IDENTIFIER = "com.mnjpk.News-ReaderUITests";
				PRODUCT_NAME = "$(TARGET_NAME)";
				SWIFT_VERSION = 4.0;
				TARGETED_DEVICE_FAMILY = "1,2";
				TEST_TARGET_NAME = "News Reader";
			};
			name = Debug;
		};
		AE7C4FB2201934D4008517EF /* Release */ = {
			isa = XCBuildConfiguration;
			buildSettings = {
				ALWAYS_EMBED_SWIFT_STANDARD_LIBRARIES = YES;
				CODE_SIGN_STYLE = Automatic;
				DEVELOPMENT_TEAM = FZ5NFCMB53;
				INFOPLIST_FILE = "News ReaderUITests/Info.plist";
				LD_RUNPATH_SEARCH_PATHS = "$(inherited) @executable_path/Frameworks @loader_path/Frameworks";
				PRODUCT_BUNDLE_IDENTIFIER = "com.mnjpk.News-ReaderUITests";
				PRODUCT_NAME = "$(TARGET_NAME)";
				SWIFT_VERSION = 4.0;
				TARGETED_DEVICE_FAMILY = "1,2";
				TEST_TARGET_NAME = "News Reader";
			};
			name = Release;
		};
/* End XCBuildConfiguration section */

/* Begin XCConfigurationList section */
		AE7C4F7D201934D4008517EF /* Build configuration list for PBXProject "News Reader" */ = {
			isa = XCConfigurationList;
			buildConfigurations = (
				AE7C4FA8201934D4008517EF /* Debug */,
				AE7C4FA9201934D4008517EF /* Release */,
			);
			defaultConfigurationIsVisible = 0;
			defaultConfigurationName = Release;
		};
		AE7C4FAA201934D4008517EF /* Build configuration list for PBXNativeTarget "News Reader" */ = {
			isa = XCConfigurationList;
			buildConfigurations = (
				AE7C4FAB201934D4008517EF /* Debug */,
				AE7C4FAC201934D4008517EF /* Release */,
			);
			defaultConfigurationIsVisible = 0;
			defaultConfigurationName = Release;
		};
		AE7C4FAD201934D4008517EF /* Build configuration list for PBXNativeTarget "News ReaderTests" */ = {
			isa = XCConfigurationList;
			buildConfigurations = (
				AE7C4FAE201934D4008517EF /* Debug */,
				AE7C4FAF201934D4008517EF /* Release */,
			);
			defaultConfigurationIsVisible = 0;
			defaultConfigurationName = Release;
		};
		AE7C4FB0201934D4008517EF /* Build configuration list for PBXNativeTarget "News ReaderUITests" */ = {
			isa = XCConfigurationList;
			buildConfigurations = (
				AE7C4FB1201934D4008517EF /* Debug */,
				AE7C4FB2201934D4008517EF /* Release */,
			);
			defaultConfigurationIsVisible = 0;
			defaultConfigurationName = Release;
		};
/* End XCConfigurationList section */
	};
	rootObject = AE7C4F7A201934D4008517EF /* Project object */;
}
